// !$*UTF8*$!
{
	archiveVersion = 1;
	classes = {
	};
	objectVersion = 46;
	objects = {

/* Begin PBXBuildFile section */
		1786D1121E5F50A5004929CC /* AppDelegate.swift in Sources */ = {isa = PBXBuildFile; fileRef = 1786D1111E5F50A5004929CC /* AppDelegate.swift */; };
		1786D1141E5F50A5004929CC /* ViewController.swift in Sources */ = {isa = PBXBuildFile; fileRef = 1786D1131E5F50A5004929CC /* ViewController.swift */; };
		1786D1171E5F50A5004929CC /* Main.storyboard in Resources */ = {isa = PBXBuildFile; fileRef = 1786D1151E5F50A5004929CC /* Main.storyboard */; };
		1786D1191E5F50A5004929CC /* Assets.xcassets in Resources */ = {isa = PBXBuildFile; fileRef = 1786D1181E5F50A5004929CC /* Assets.xcassets */; };
		1786D11C1E5F50A5004929CC /* LaunchScreen.storyboard in Resources */ = {isa = PBXBuildFile; fileRef = 1786D11A1E5F50A5004929CC /* LaunchScreen.storyboard */; };
		1786D1241E5F50B6004929CC /* GoogleService-Info.plist in Resources */ = {isa = PBXBuildFile; fileRef = 1786D1231E5F50B6004929CC /* GoogleService-Info.plist */; };
		1786D1291E5F82E9004929CC /* PokeAnnotation.swift in Sources */ = {isa = PBXBuildFile; fileRef = 1786D1281E5F82E9004929CC /* PokeAnnotation.swift */; };
		1786D12E1E5F90BE004929CC /* csv.swift in Sources */ = {isa = PBXBuildFile; fileRef = 1786D12C1E5F90BE004929CC /* csv.swift */; };
		1786D12F1E5F90BE004929CC /* pokemon.csv in Resources */ = {isa = PBXBuildFile; fileRef = 1786D12D1E5F90BE004929CC /* pokemon.csv */; };
		D6AE29D2148592254F2A7B95 /* Pods_PokeFinder.framework in Frameworks */ = {isa = PBXBuildFile; fileRef = 42C372C5232C52935257DA9A /* Pods_PokeFinder.framework */; };
/* End PBXBuildFile section */

/* Begin PBXFileReference section */
		1786D10E1E5F50A5004929CC /* PokeFinder.app */ = {isa = PBXFileReference; explicitFileType = wrapper.application; includeInIndex = 0; path = PokeFinder.app; sourceTree = BUILT_PRODUCTS_DIR; };
		1786D1111E5F50A5004929CC /* AppDelegate.swift */ = {isa = PBXFileReference; lastKnownFileType = sourcecode.swift; path = AppDelegate.swift; sourceTree = "<group>"; };
		1786D1131E5F50A5004929CC /* ViewController.swift */ = {isa = PBXFileReference; lastKnownFileType = sourcecode.swift; path = ViewController.swift; sourceTree = "<group>"; };
		1786D1161E5F50A5004929CC /* Base */ = {isa = PBXFileReference; lastKnownFileType = file.storyboard; name = Base; path = Base.lproj/Main.storyboard; sourceTree = "<group>"; };
		1786D1181E5F50A5004929CC /* Assets.xcassets */ = {isa = PBXFileReference; lastKnownFileType = folder.assetcatalog; path = Assets.xcassets; sourceTree = "<group>"; };
		1786D11B1E5F50A5004929CC /* Base */ = {isa = PBXFileReference; lastKnownFileType = file.storyboard; name = Base; path = Base.lproj/LaunchScreen.storyboard; sourceTree = "<group>"; };
		1786D11D1E5F50A5004929CC /* Info.plist */ = {isa = PBXFileReference; lastKnownFileType = text.plist.xml; path = Info.plist; sourceTree = "<group>"; };
		1786D1231E5F50B6004929CC /* GoogleService-Info.plist */ = {isa = PBXFileReference; fileEncoding = 4; lastKnownFileType = text.plist.xml; path = "GoogleService-Info.plist"; sourceTree = "<group>"; };
		1786D1281E5F82E9004929CC /* PokeAnnotation.swift */ = {isa = PBXFileReference; fileEncoding = 4; lastKnownFileType = sourcecode.swift; path = PokeAnnotation.swift; sourceTree = "<group>"; };
		1786D12C1E5F90BE004929CC /* csv.swift */ = {isa = PBXFileReference; fileEncoding = 4; lastKnownFileType = sourcecode.swift; path = csv.swift; sourceTree = "<group>"; };
		1786D12D1E5F90BE004929CC /* pokemon.csv */ = {isa = PBXFileReference; fileEncoding = 4; lastKnownFileType = text; path = pokemon.csv; sourceTree = "<group>"; };
		42C372C5232C52935257DA9A /* Pods_PokeFinder.framework */ = {isa = PBXFileReference; explicitFileType = wrapper.framework; includeInIndex = 0; path = Pods_PokeFinder.framework; sourceTree = BUILT_PRODUCTS_DIR; };
		64668C8DE2181E6841B8354F /* Pods-PokeFinder.release.xcconfig */ = {isa = PBXFileReference; includeInIndex = 1; lastKnownFileType = text.xcconfig; name = "Pods-PokeFinder.release.xcconfig"; path = "Pods/Target Support Files/Pods-PokeFinder/Pods-PokeFinder.release.xcconfig"; sourceTree = "<group>"; };
		A55594493285569AE3286D03 /* Pods-PokeFinder.debug.xcconfig */ = {isa = PBXFileReference; includeInIndex = 1; lastKnownFileType = text.xcconfig; name = "Pods-PokeFinder.debug.xcconfig"; path = "Pods/Target Support Files/Pods-PokeFinder/Pods-PokeFinder.debug.xcconfig"; sourceTree = "<group>"; };
/* End PBXFileReference section */

/* Begin PBXFrameworksBuildPhase section */
		1786D10B1E5F50A5004929CC /* Frameworks */ = {
			isa = PBXFrameworksBuildPhase;
			buildActionMask = 2147483647;
			files = (
				D6AE29D2148592254F2A7B95 /* Pods_PokeFinder.framework in Frameworks */,
			);
			runOnlyForDeploymentPostprocessing = 0;
		};
/* End PBXFrameworksBuildPhase section */

/* Begin PBXGroup section */
		1786D1051E5F50A5004929CC = {
			isa = PBXGroup;
			children = (
				1786D1101E5F50A5004929CC /* PokeFinder */,
				1786D10F1E5F50A5004929CC /* Products */,
				E2A3F4A014C2BB441C93F685 /* Pods */,
				98ADF4D80872FCE97E976B08 /* Frameworks */,
			);
			sourceTree = "<group>";
		};
		1786D10F1E5F50A5004929CC /* Products */ = {
			isa = PBXGroup;
			children = (
				1786D10E1E5F50A5004929CC /* PokeFinder.app */,
			);
			name = Products;
			sourceTree = "<group>";
		};
		1786D1101E5F50A5004929CC /* PokeFinder */ = {
			isa = PBXGroup;
			children = (
				1786D12C1E5F90BE004929CC /* csv.swift */,
				1786D12D1E5F90BE004929CC /* pokemon.csv */,
				1786D1271E5F82C5004929CC /* Model */,
				1786D1261E5F82BE004929CC /* Controller */,
				1786D1111E5F50A5004929CC /* AppDelegate.swift */,
				1786D1151E5F50A5004929CC /* Main.storyboard */,
				1786D1181E5F50A5004929CC /* Assets.xcassets */,
				1786D11A1E5F50A5004929CC /* LaunchScreen.storyboard */,
				1786D1231E5F50B6004929CC /* GoogleService-Info.plist */,
				1786D11D1E5F50A5004929CC /* Info.plist */,
			);
			path = PokeFinder;
			sourceTree = "<group>";
		};
		1786D1261E5F82BE004929CC /* Controller */ = {
			isa = PBXGroup;
			children = (
				1786D1131E5F50A5004929CC /* ViewController.swift */,
			);
			name = Controller;
			sourceTree = "<group>";
		};
		1786D1271E5F82C5004929CC /* Model */ = {
			isa = PBXGroup;
			children = (
				1786D1281E5F82E9004929CC /* PokeAnnotation.swift */,
			);
			name = Model;
			sourceTree = "<group>";
		};
		98ADF4D80872FCE97E976B08 /* Frameworks */ = {
			isa = PBXGroup;
			children = (
				42C372C5232C52935257DA9A /* Pods_PokeFinder.framework */,
			);
			name = Frameworks;
			sourceTree = "<group>";
		};
		E2A3F4A014C2BB441C93F685 /* Pods */ = {
			isa = PBXGroup;
			children = (
				A55594493285569AE3286D03 /* Pods-PokeFinder.debug.xcconfig */,
				64668C8DE2181E6841B8354F /* Pods-PokeFinder.release.xcconfig */,
			);
			name = Pods;
			sourceTree = "<group>";
		};
/* End PBXGroup section */

/* Begin PBXNativeTarget section */
		1786D10D1E5F50A5004929CC /* PokeFinder */ = {
			isa = PBXNativeTarget;
			buildConfigurationList = 1786D1201E5F50A5004929CC /* Build configuration list for PBXNativeTarget "PokeFinder" */;
			buildPhases = (
				B66EEF75D49B65416C9B9228 /* [CP] Check Pods Manifest.lock */,
				1786D10A1E5F50A5004929CC /* Sources */,
				1786D10B1E5F50A5004929CC /* Frameworks */,
				1786D10C1E5F50A5004929CC /* Resources */,
				5D1ED724C9D7A7F929B94C0D /* [CP] Embed Pods Frameworks */,
				00280B024F825F4D284A2352 /* [CP] Copy Pods Resources */,
			);
			buildRules = (
			);
			dependencies = (
			);
			name = PokeFinder;
			productName = PokeFinder;
			productReference = 1786D10E1E5F50A5004929CC /* PokeFinder.app */;
			productType = "com.apple.product-type.application";
		};
/* End PBXNativeTarget section */

/* Begin PBXProject section */
		1786D1061E5F50A5004929CC /* Project object */ = {
			isa = PBXProject;
			attributes = {
				LastSwiftUpdateCheck = 0820;
				LastUpgradeCheck = 0820;
				ORGANIZATIONNAME = "LionMane Software";
				TargetAttributes = {
					1786D10D1E5F50A5004929CC = {
						CreatedOnToolsVersion = 8.2.1;
						ProvisioningStyle = Automatic;
					};
				};
			};
			buildConfigurationList = 1786D1091E5F50A5004929CC /* Build configuration list for PBXProject "PokeFinder" */;
			compatibilityVersion = "Xcode 3.2";
			developmentRegion = English;
			hasScannedForEncodings = 0;
			knownRegions = (
				en,
				Base,
			);
			mainGroup = 1786D1051E5F50A5004929CC;
			productRefGroup = 1786D10F1E5F50A5004929CC /* Products */;
			projectDirPath = "";
			projectRoot = "";
			targets = (
				1786D10D1E5F50A5004929CC /* PokeFinder */,
			);
		};
/* End PBXProject section */

/* Begin PBXResourcesBuildPhase section */
		1786D10C1E5F50A5004929CC /* Resources */ = {
			isa = PBXResourcesBuildPhase;
			buildActionMask = 2147483647;
			files = (
				1786D11C1E5F50A5004929CC /* LaunchScreen.storyboard in Resources */,
				1786D1241E5F50B6004929CC /* GoogleService-Info.plist in Resources */,
				1786D1191E5F50A5004929CC /* Assets.xcassets in Resources */,
				1786D1171E5F50A5004929CC /* Main.storyboard in Resources */,
				1786D12F1E5F90BE004929CC /* pokemon.csv in Resources */,
			);
			runOnlyForDeploymentPostprocessing = 0;
		};
/* End PBXResourcesBuildPhase section */

/* Begin PBXShellScriptBuildPhase section */
		00280B024F825F4D284A2352 /* [CP] Copy Pods Resources */ = {
			isa = PBXShellScriptBuildPhase;
			buildActionMask = 2147483647;
			files = (
			);
			inputPaths = (
			);
			name = "[CP] Copy Pods Resources";
			outputPaths = (
			);
			runOnlyForDeploymentPostprocessing = 0;
			shellPath = /bin/sh;
			shellScript = "\"${SRCROOT}/Pods/Target Support Files/Pods-PokeFinder/Pods-PokeFinder-resources.sh\"\n";
			showEnvVarsInLog = 0;
		};
		5D1ED724C9D7A7F929B94C0D /* [CP] Embed Pods Frameworks */ = {
			isa = PBXShellScriptBuildPhase;
			buildActionMask = 2147483647;
			files = (
			);
			inputPaths = (
			);
			name = "[CP] Embed Pods Frameworks";
			outputPaths = (
			);
			runOnlyForDeploymentPostprocessing = 0;
			shellPath = /bin/sh;
			shellScript = "\"${SRCROOT}/Pods/Target Support Files/Pods-PokeFinder/Pods-PokeFinder-frameworks.sh\"\n";
			showEnvVarsInLog = 0;
		};
		B66EEF75D49B65416C9B9228 /* [CP] Check Pods Manifest.lock */ = {
			isa = PBXShellScriptBuildPhase;
			buildActionMask = 2147483647;
			files = (
			);
			inputPaths = (
			);
			name = "[CP] Check Pods Manifest.lock";
			outputPaths = (
			);
			runOnlyForDeploymentPostprocessing = 0;
			shellPath = /bin/sh;
			shellScript = "diff \"${PODS_ROOT}/../Podfile.lock\" \"${PODS_ROOT}/Manifest.lock\" > /dev/null\nif [ $? != 0 ] ; then\n    # print error to STDERR\n    echo \"error: The sandbox is not in sync with the Podfile.lock. Run 'pod install' or update your CocoaPods installation.\" >&2\n    exit 1\nfi\n";
			showEnvVarsInLog = 0;
		};
/* End PBXShellScriptBuildPhase section */

/* Begin PBXSourcesBuildPhase section */
		1786D10A1E5F50A5004929CC /* Sources */ = {
			isa = PBXSourcesBuildPhase;
			buildActionMask = 2147483647;
			files = (
				1786D12E1E5F90BE004929CC /* csv.swift in Sources */,
				1786D1141E5F50A5004929CC /* ViewController.swift in Sources */,
				1786D1291E5F82E9004929CC /* PokeAnnotation.swift in Sources */,
				1786D1121E5F50A5004929CC /* AppDelegate.swift in Sources */,
			);
			runOnlyForDeploymentPostprocessing = 0;
		};
/* End PBXSourcesBuildPhase section */

/* Begin PBXVariantGroup section */
		1786D1151E5F50A5004929CC /* Main.storyboard */ = {
			isa = PBXVariantGroup;
			children = (
				1786D1161E5F50A5004929CC /* Base */,
			);
			name = Main.storyboard;
			sourceTree = "<group>";
		};
		1786D11A1E5F50A5004929CC /* LaunchScreen.storyboard */ = {
			isa = PBXVariantGroup;
			children = (
				1786D11B1E5F50A5004929CC /* Base */,
			);
			name = LaunchScreen.storyboard;
			sourceTree = "<group>";
		};
/* End PBXVariantGroup section */

/* Begin XCBuildConfiguration section */
		1786D11E1E5F50A5004929CC /* Debug */ = {
			isa = XCBuildConfiguration;
			buildSettings = {
				ALWAYS_SEARCH_USER_PATHS = NO;
				CLANG_ANALYZER_NONNULL = YES;
				CLANG_CXX_LANGUAGE_STANDARD = "gnu++0x";
				CLANG_CXX_LIBRARY = "libc++";
				CLANG_ENABLE_MODULES = YES;
				CLANG_ENABLE_OBJC_ARC = YES;
				CLANG_WARN_BOOL_CONVERSION = YES;
				CLANG_WARN_CONSTANT_CONVERSION = YES;
				CLANG_WARN_DIRECT_OBJC_ISA_USAGE = YES_ERROR;
				CLANG_WARN_DOCUMENTATION_COMMENTS = YES;
				CLANG_WARN_EMPTY_BODY = YES;
				CLANG_WARN_ENUM_CONVERSION = YES;
				CLANG_WARN_INFINITE_RECURSION = YES;
				CLANG_WARN_INT_CONVERSION = YES;
				CLANG_WARN_OBJC_ROOT_CLASS = YES_ERROR;
				CLANG_WARN_SUSPICIOUS_MOVE = YES;
				CLANG_WARN_UNREACHABLE_CODE = YES;
				CLANG_WARN__DUPLICATE_METHOD_MATCH = YES;
				"CODE_SIGN_IDENTITY[sdk=iphoneos*]" = "iPhone Developer";
				COPY_PHASE_STRIP = NO;
				DEBUG_INFORMATION_FORMAT = dwarf;
				ENABLE_STRICT_OBJC_MSGSEND = YES;
				ENABLE_TESTABILITY = YES;
				GCC_C_LANGUAGE_STANDARD = gnu99;
				GCC_DYNAMIC_NO_PIC = NO;
				GCC_NO_COMMON_BLOCKS = YES;
				GCC_OPTIMIZATION_LEVEL = 0;
				GCC_PREPROCESSOR_DEFINITIONS = (
					"DEBUG=1",
					"$(inherited)",
				);
				GCC_WARN_64_TO_32_BIT_CONVERSION = YES;
				GCC_WARN_ABOUT_RETURN_TYPE = YES_ERROR;
				GCC_WARN_UNDECLARED_SELECTOR = YES;
				GCC_WARN_UNINITIALIZED_AUTOS = YES_AGGRESSIVE;
				GCC_WARN_UNUSED_FUNCTION = YES;
				GCC_WARN_UNUSED_VARIABLE = YES;
				IPHONEOS_DEPLOYMENT_TARGET = 10.2;
				MTL_ENABLE_DEBUG_INFO = YES;
				ONLY_ACTIVE_ARCH = YES;
				SDKROOT = iphoneos;
				SWIFT_ACTIVE_COMPILATION_CONDITIONS = DEBUG;
				SWIFT_OPTIMIZATION_LEVEL = "-Onone";
				TARGETED_DEVICE_FAMILY = "1,2";
			};
			name = Debug;
		};
		1786D11F1E5F50A5004929CC /* Release */ = {
			isa = XCBuildConfiguration;
			buildSettings = {
				ALWAYS_SEARCH_USER_PATHS = NO;
				CLANG_ANALYZER_NONNULL = YES;
				CLANG_CXX_LANGUAGE_STANDARD = "gnu++0x";
				CLANG_CXX_LIBRARY = "libc++";
				CLANG_ENABLE_MODULES = YES;
				CLANG_ENABLE_OBJC_ARC = YES;
				CLANG_WARN_BOOL_CONVERSION = YES;
				CLANG_WARN_CONSTANT_CONVERSION = YES;
				CLANG_WARN_DIRECT_OBJC_ISA_USAGE = YES_ERROR;
				CLANG_WARN_DOCUMENTATION_COMMENTS = YES;
				CLANG_WARN_EMPTY_BODY = YES;
				CLANG_WARN_ENUM_CONVERSION = YES;
				CLANG_WARN_INFINITE_RECURSION = YES;
				CLANG_WARN_INT_CONVERSION = YES;
				CLANG_WARN_OBJC_ROOT_CLASS = YES_ERROR;
				CLANG_WARN_SUSPICIOUS_MOVE = YES;
				CLANG_WARN_UNREACHABLE_CODE = YES;
				CLANG_WARN__DUPLICATE_METHOD_MATCH = YES;
				"CODE_SIGN_IDENTITY[sdk=iphoneos*]" = "iPhone Developer";
				COPY_PHASE_STRIP = NO;
				DEBUG_INFORMATION_FORMAT = "dwarf-with-dsym";
				ENABLE_NS_ASSERTIONS = NO;
				ENABLE_STRICT_OBJC_MSGSEND = YES;
				GCC_C_LANGUAGE_STANDARD = gnu99;
				GCC_NO_COMMON_BLOCKS = YES;
				GCC_WARN_64_TO_32_BIT_CONVERSION = YES;
				GCC_WARN_ABOUT_RETURN_TYPE = YES_ERROR;
				GCC_WARN_UNDECLARED_SELECTOR = YES;
				GCC_WARN_UNINITIALIZED_AUTOS = YES_AGGRESSIVE;
				GCC_WARN_UNUSED_FUNCTION = YES;
				GCC_WARN_UNUSED_VARIABLE = YES;
				IPHONEOS_DEPLOYMENT_TARGET = 10.2;
				MTL_ENABLE_DEBUG_INFO = NO;
				SDKROOT = iphoneos;
				SWIFT_OPTIMIZATION_LEVEL = "-Owholemodule";
				TARGETED_DEVICE_FAMILY = "1,2";
				VALIDATE_PRODUCT = YES;
			};
			name = Release;
		};
		1786D1211E5F50A5004929CC /* Debug */ = {
			isa = XCBuildConfiguration;
			baseConfigurationReference = A55594493285569AE3286D03 /* Pods-PokeFinder.debug.xcconfig */;
			buildSettings = {
				ASSETCATALOG_COMPILER_APPICON_NAME = AppIcon;
				INFOPLIST_FILE = PokeFinder/Info.plist;
				LD_RUNPATH_SEARCH_PATHS = "$(inherited) @executable_path/Frameworks";
				PRODUCT_BUNDLE_IDENTIFIER = lionmane.PokeFinder;
				PRODUCT_NAME = "$(TARGET_NAME)";
				SWIFT_VERSION = 3.0;
			};
			name = Debug;
		};
		1786D1221E5F50A5004929CC /* Release */ = {
			isa = XCBuildConfiguration;
			baseConfigurationReference = 64668C8DE2181E6841B8354F /* Pods-PokeFinder.release.xcconfig */;
			buildSettings = {
				ASSETCATALOG_COMPILER_APPICON_NAME = AppIcon;
				INFOPLIST_FILE = PokeFinder/Info.plist;
				LD_RUNPATH_SEARCH_PATHS = "$(inherited) @executable_path/Frameworks";
				PRODUCT_BUNDLE_IDENTIFIER = lionmane.PokeFinder;
				PRODUCT_NAME = "$(TARGET_NAME)";
				SWIFT_VERSION = 3.0;
			};
			name = Release;
		};
/* End XCBuildConfiguration section */

/* Begin XCConfigurationList section */
		1786D1091E5F50A5004929CC /* Build configuration list for PBXProject "PokeFinder" */ = {
			isa = XCConfigurationList;
			buildConfigurations = (
				1786D11E1E5F50A5004929CC /* Debug */,
				1786D11F1E5F50A5004929CC /* Release */,
			);
			defaultConfigurationIsVisible = 0;
			defaultConfigurationName = Release;
		};
		1786D1201E5F50A5004929CC /* Build configuration list for PBXNativeTarget "PokeFinder" */ = {
			isa = XCConfigurationList;
			buildConfigurations = (
				1786D1211E5F50A5004929CC /* Debug */,
				1786D1221E5F50A5004929CC /* Release */,
			);
			defaultConfigurationIsVisible = 0;
			defaultConfigurationName = Release;
		};
/* End XCConfigurationList section */
	};
	rootObject = 1786D1061E5F50A5004929CC /* Project object */;
}
